// !$*UTF8*$!
{
	archiveVersion = 1;
	classes = {
	};
	objectVersion = 48;
	objects = {

/* Begin PBXBuildFile section */
		BB7D7A9F1F8CB45B00A062D0 /* AppDelegate.m in Sources */ = {isa = PBXBuildFile; fileRef = BB7D7A9E1F8CB45B00A062D0 /* AppDelegate.m */; };
		BB7D7AA21F8CB45C00A062D0 /* ViewController.m in Sources */ = {isa = PBXBuildFile; fileRef = BB7D7AA11F8CB45B00A062D0 /* ViewController.m */; };
		BB7D7AA51F8CB45C00A062D0 /* Main.storyboard in Resources */ = {isa = PBXBuildFile; fileRef = BB7D7AA31F8CB45C00A062D0 /* Main.storyboard */; };
		BB7D7AA71F8CB45C00A062D0 /* Assets.xcassets in Resources */ = {isa = PBXBuildFile; fileRef = BB7D7AA61F8CB45C00A062D0 /* Assets.xcassets */; };
		BB7D7AAA1F8CB45C00A062D0 /* LaunchScreen.storyboard in Resources */ = {isa = PBXBuildFile; fileRef = BB7D7AA81F8CB45C00A062D0 /* LaunchScreen.storyboard */; };
		BB7D7AAD1F8CB45C00A062D0 /* main.m in Sources */ = {isa = PBXBuildFile; fileRef = BB7D7AAC1F8CB45C00A062D0 /* main.m */; };
/* End PBXBuildFile section */

/* Begin PBXFileReference section */
		BB7D7A9A1F8CB45B00A062D0 /* Test.app */ = {isa = PBXFileReference; explicitFileType = wrapper.application; includeInIndex = 0; path = Test.app; sourceTree = BUILT_PRODUCTS_DIR; };
		BB7D7A9D1F8CB45B00A062D0 /* AppDelegate.h */ = {isa = PBXFileReference; lastKnownFileType = sourcecode.c.h; path = AppDelegate.h; sourceTree = "<group>"; };
		BB7D7A9E1F8CB45B00A062D0 /* AppDelegate.m */ = {isa = PBXFileReference; lastKnownFileType = sourcecode.c.objc; path = AppDelegate.m; sourceTree = "<group>"; };
		BB7D7AA01F8CB45B00A062D0 /* ViewController.h */ = {isa = PBXFileReference; lastKnownFileType = sourcecode.c.h; path = ViewController.h; sourceTree = "<group>"; };
		BB7D7AA11F8CB45B00A062D0 /* ViewController.m */ = {isa = PBXFileReference; lastKnownFileType = sourcecode.c.objc; path = ViewController.m; sourceTree = "<group>"; };
		BB7D7AA41F8CB45C00A062D0 /* Base */ = {isa = PBXFileReference; lastKnownFileType = file.storyboard; name = Base; path = Base.lproj/Main.storyboard; sourceTree = "<group>"; };
		BB7D7AA61F8CB45C00A062D0 /* Assets.xcassets */ = {isa = PBXFileReference; lastKnownFileType = folder.assetcatalog; path = Assets.xcassets; sourceTree = "<group>"; };
		BB7D7AA91F8CB45C00A062D0 /* Base */ = {isa = PBXFileReference; lastKnownFileType = file.storyboard; name = Base; path = Base.lproj/LaunchScreen.storyboard; sourceTree = "<group>"; };
		BB7D7AAB1F8CB45C00A062D0 /* Info.plist */ = {isa = PBXFileReference; lastKnownFileType = text.plist.xml; path = Info.plist; sourceTree = "<group>"; };
		BB7D7AAC1F8CB45C00A062D0 /* main.m */ = {isa = PBXFileReference; lastKnownFileType = sourcecode.c.objc; path = main.m; sourceTree = "<group>"; };
		BBFB99561F8CB52200F4F484 /* area.json */ = {isa = PBXFileReference; lastKnownFileType = text.json; path = area.json; sourceTree = "<group>"; };
/* End PBXFileReference section */

/* Begin PBXFrameworksBuildPhase section */
		BB7D7A971F8CB45B00A062D0 /* Frameworks */ = {
			isa = PBXFrameworksBuildPhase;
			buildActionMask = 2147483647;
			files = (
			);
			runOnlyForDeploymentPostprocessing = 0;
		};
/* End PBXFrameworksBuildPhase section */

/* Begin PBXGroup section */
		BB7D7A911F8CB45B00A062D0 = {
			isa = PBXGroup;
			children = (
				BB7D7A9C1F8CB45B00A062D0 /* Test */,
				BB7D7A9B1F8CB45B00A062D0 /* Products */,
			);
			sourceTree = "<group>";
		};
		BB7D7A9B1F8CB45B00A062D0 /* Products */ = {
			isa = PBXGroup;
			children = (
				BB7D7A9A1F8CB45B00A062D0 /* Test.app */,
			);
			name = Products;
			sourceTree = "<group>";
		};
		BB7D7A9C1F8CB45B00A062D0 /* Test */ = {
			isa = PBXGroup;
			children = (
				BBFB99561F8CB52200F4F484 /* area.json */,
				BB7D7A9D1F8CB45B00A062D0 /* AppDelegate.h */,
				BB7D7A9E1F8CB45B00A062D0 /* AppDelegate.m */,
				BB7D7AA01F8CB45B00A062D0 /* ViewController.h */,
				BB7D7AA11F8CB45B00A062D0 /* ViewController.m */,
				BB7D7AA31F8CB45C00A062D0 /* Main.storyboard */,
				BB7D7AA61F8CB45C00A062D0 /* Assets.xcassets */,
				BB7D7AA81F8CB45C00A062D0 /* LaunchScreen.storyboard */,
				BB7D7AAB1F8CB45C00A062D0 /* Info.plist */,
				BB7D7AAC1F8CB45C00A062D0 /* main.m */,
			);
			path = Test;
			sourceTree = "<group>";
		};
/* End PBXGroup section */

/* Begin PBXNativeTarget section */
		BB7D7A991F8CB45B00A062D0 /* Test */ = {
			isa = PBXNativeTarget;
			buildConfigurationList = BB7D7AB01F8CB45C00A062D0 /* Build configuration list for PBXNativeTarget "Test" */;
			buildPhases = (
				BB7D7A961F8CB45B00A062D0 /* Sources */,
				BB7D7A971F8CB45B00A062D0 /* Frameworks */,
				BB7D7A981F8CB45B00A062D0 /* Resources */,
			);
			buildRules = (
			);
			dependencies = (
			);
			name = Test;
			productName = Test;
			productReference = BB7D7A9A1F8CB45B00A062D0 /* Test.app */;
			productType = "com.apple.product-type.application";
		};
/* End PBXNativeTarget section */

/* Begin PBXProject section */
		BB7D7A921F8CB45B00A062D0 /* Project object */ = {
			isa = PBXProject;
			attributes = {
				LastUpgradeCheck = 0900;
				ORGANIZATIONNAME = "田耀辉";
				TargetAttributes = {
					BB7D7A991F8CB45B00A062D0 = {
						CreatedOnToolsVersion = 9.0;
						ProvisioningStyle = Automatic;
					};
				};
			};
			buildConfigurationList = BB7D7A951F8CB45B00A062D0 /* Build configuration list for PBXProject "Test" */;
			compatibilityVersion = "Xcode 8.0";
			developmentRegion = en;
			hasScannedForEncodings = 0;
			knownRegions = (
				en,
				Base,
			);
			mainGroup = BB7D7A911F8CB45B00A062D0;
			productRefGroup = BB7D7A9B1F8CB45B00A062D0 /* Products */;
			projectDirPath = "";
			projectRoot = "";
			targets = (
				BB7D7A991F8CB45B00A062D0 /* Test */,
			);
		};
/* End PBXProject section */

/* Begin PBXResourcesBuildPhase section */
		BB7D7A981F8CB45B00A062D0 /* Resources */ = {
			isa = PBXResourcesBuildPhase;
			buildActionMask = 2147483647;
			files = (
				BB7D7AAA1F8CB45C00A062D0 /* LaunchScreen.storyboard in Resources */,
				BB7D7AA71F8CB45C00A062D0 /* Assets.xcassets in Resources */,
				BB7D7AA51F8CB45C00A062D0 /* Main.storyboard in Resources */,
			);
			runOnlyForDeploymentPostprocessing = 0;
		};
/* End PBXResourcesBuildPhase section */

/* Begin PBXSourcesBuildPhase section */
		BB7D7A961F8CB45B00A062D0 /* Sources */ = {
			isa = PBXSourcesBuildPhase;
			buildActionMask = 2147483647;
			files = (
				BB7D7AA21F8CB45C00A062D0 /* ViewController.m in Sources */,
				BB7D7AAD1F8CB45C00A062D0 /* main.m in Sources */,
				BB7D7A9F1F8CB45B00A062D0 /* AppDelegate.m in Sources */,
			);
			runOnlyForDeploymentPostprocessing = 0;
		};
/* End PBXSourcesBuildPhase section */

/* Begin PBXVariantGroup section */
		BB7D7AA31F8CB45C00A062D0 /* Main.storyboard */ = {
			isa = PBXVariantGroup;
			children = (
				BB7D7AA41F8CB45C00A062D0 /* Base */,
			);
			name = Main.storyboard;
			sourceTree = "<group>";
		};
		BB7D7AA81F8CB45C00A062D0 /* LaunchScreen.storyboard */ = {
			isa = PBXVariantGroup;
			children = (
				BB7D7AA91F8CB45C00A062D0 /* Base */,
			);
			name = LaunchScreen.storyboard;
			sourceTree = "<group>";
		};
/* End PBXVariantGroup section */

/* Begin XCBuildConfiguration section */
		BB7D7AAE1F8CB45C00A062D0 /* Debug */ = {
			isa = XCBuildConfiguration;
			buildSettings = {
				ALWAYS_SEARCH_USER_PATHS = NO;
				CLANG_ANALYZER_NONNULL = YES;
				CLANG_ANALYZER_NUMBER_OBJECT_CONVERSION = YES_AGGRESSIVE;
				CLANG_CXX_LANGUAGE_STANDARD = "gnu++14";
				CLANG_CXX_LIBRARY = "libc++";
				CLANG_ENABLE_MODULES = YES;
				CLANG_ENABLE_OBJC_ARC = YES;
				CLANG_WARN_BLOCK_CAPTURE_AUTORELEASING = YES;
				CLANG_WARN_BOOL_CONVERSION = YES;
				CLANG_WARN_COMMA = YES;
				CLANG_WARN_CONSTANT_CONVERSION = YES;
				CLANG_WARN_DIRECT_OBJC_ISA_USAGE = YES_ERROR;
				CLANG_WARN_DOCUMENTATION_COMMENTS = YES;
				CLANG_WARN_EMPTY_BODY = YES;
				CLANG_WARN_ENUM_CONVERSION = YES;
				CLANG_WARN_INFINITE_RECURSION = YES;
				CLANG_WARN_INT_CONVERSION = YES;
				CLANG_WARN_NON_LITERAL_NULL_CONVERSION = YES;
				CLANG_WARN_OBJC_LITERAL_CONVERSION = YES;
				CLANG_WARN_OBJC_ROOT_CLASS = YES_ERROR;
				CLANG_WARN_RANGE_LOOP_ANALYSIS = YES;
				CLANG_WARN_STRICT_PROTOTYPES = YES;
				CLANG_WARN_SUSPICIOUS_MOVE = YES;
				CLANG_WARN_UNGUARDED_AVAILABILITY = YES_AGGRESSIVE;
				CLANG_WARN_UNREACHABLE_CODE = YES;
				CLANG_WARN__DUPLICATE_METHOD_MATCH = YES;
				CODE_SIGN_IDENTITY = "iPhone Developer";
				COPY_PHASE_STRIP = NO;
				DEBUG_INFORMATION_FORMAT = dwarf;
				ENABLE_STRICT_OBJC_MSGSEND = YES;
				ENABLE_TESTABILITY = YES;
				GCC_C_LANGUAGE_STANDARD = gnu11;
				GCC_DYNAMIC_NO_PIC = NO;
				GCC_NO_COMMON_BLOCKS = YES;
				GCC_OPTIMIZATION_LEVEL = 0;
				GCC_PREPROCESSOR_DEFINITIONS = (
					"DEBUG=1",
					"$(inherited)",
				);
				GCC_WARN_64_TO_32_BIT_CONVERSION = YES;
				GCC_WARN_ABOUT_RETURN_TYPE = YES_ERROR;
				GCC_WARN_UNDECLARED_SELECTOR = YES;
				GCC_WARN_UNINITIALIZED_AUTOS = YES_AGGRESSIVE;
				GCC_WARN_UNUSED_FUNCTION = YES;
				GCC_WARN_UNUSED_VARIABLE = YES;
				IPHONEOS_DEPLOYMENT_TARGET = 11.0;
				MTL_ENABLE_DEBUG_INFO = YES;
				ONLY_ACTIVE_ARCH = YES;
				SDKROOT = iphoneos;
			};
			name = Debug;
		};
		BB7D7AAF1F8CB45C00A062D0 /* Release */ = {
			isa = XCBuildConfiguration;
			buildSettings = {
				ALWAYS_SEARCH_USER_PATHS = NO;
				CLANG_ANALYZER_NONNULL = YES;
				CLANG_ANALYZER_NUMBER_OBJECT_CONVERSION = YES_AGGRESSIVE;
				CLANG_CXX_LANGUAGE_STANDARD = "gnu++14";
				CLANG_CXX_LIBRARY = "libc++";
				CLANG_ENABLE_MODULES = YES;
				CLANG_ENABLE_OBJC_ARC = YES;
				CLANG_WARN_BLOCK_CAPTURE_AUTORELEASING = YES;
				CLANG_WARN_BOOL_CONVERSION = YES;
				CLANG_WARN_COMMA = YES;
				CLANG_WARN_CONSTANT_CONVERSION = YES;
				CLANG_WARN_DIRECT_OBJC_ISA_USAGE = YES_ERROR;
				CLANG_WARN_DOCUMENTATION_COMMENTS = YES;
				CLANG_WARN_EMPTY_BODY = YES;
				CLANG_WARN_ENUM_CONVERSION = YES;
				CLANG_WARN_INFINITE_RECURSION = YES;
				CLANG_WARN_INT_CONVERSION = YES;
				CLANG_WARN_NON_LITERAL_NULL_CONVERSION = YES;
				CLANG_WARN_OBJC_LITERAL_CONVERSION = YES;
				CLANG_WARN_OBJC_ROOT_CLASS = YES_ERROR;
				CLANG_WARN_RANGE_LOOP_ANALYSIS = YES;
				CLANG_WARN_STRICT_PROTOTYPES = YES;
				CLANG_WARN_SUSPICIOUS_MOVE = YES;
				CLANG_WARN_UNGUARDED_AVAILABILITY = YES_AGGRESSIVE;
				CLANG_WARN_UNREACHABLE_CODE = YES;
				CLANG_WARN__DUPLICATE_METHOD_MATCH = YES;
				CODE_SIGN_IDENTITY = "iPhone Developer";
				COPY_PHASE_STRIP = NO;
				DEBUG_INFORMATION_FORMAT = "dwarf-with-dsym";
				ENABLE_NS_ASSERTIONS = NO;
				ENABLE_STRICT_OBJC_MSGSEND = YES;
				GCC_C_LANGUAGE_STANDARD = gnu11;
				GCC_NO_COMMON_BLOCKS = YES;
				GCC_WARN_64_TO_32_BIT_CONVERSION = YES;
				GCC_WARN_ABOUT_RETURN_TYPE = YES_ERROR;
				GCC_WARN_UNDECLARED_SELECTOR = YES;
				GCC_WARN_UNINITIALIZED_AUTOS = YES_AGGRESSIVE;
				GCC_WARN_UNUSED_FUNCTION = YES;
				GCC_WARN_UNUSED_VARIABLE = YES;
				IPHONEOS_DEPLOYMENT_TARGET = 11.0;
				MTL_ENABLE_DEBUG_INFO = NO;
				SDKROOT = iphoneos;
				VALIDATE_PRODUCT = YES;
			};
			name = Release;
		};
		BB7D7AB11F8CB45C00A062D0 /* Debug */ = {
			isa = XCBuildConfiguration;
			buildSettings = {
				ASSETCATALOG_COMPILER_APPICON_NAME = AppIcon;
				CODE_SIGN_STYLE = Automatic;
				DEVELOPMENT_TEAM = VMZ2F8UQBH;
				INFOPLIST_FILE = Test/Info.plist;
				LD_RUNPATH_SEARCH_PATHS = "$(inherited) @executable_path/Frameworks";
				PRODUCT_BUNDLE_IDENTIFIER = com.tyh123.Test;
				PRODUCT_NAME = "$(TARGET_NAME)";
				TARGETED_DEVICE_FAMILY = "1,2";
			};
			name = Debug;
		};
		BB7D7AB21F8CB45C00A062D0 /* Release */ = {
			isa = XCBuildConfiguration;
			buildSettings = {
				ASSETCATALOG_COMPILER_APPICON_NAME = AppIcon;
				CODE_SIGN_STYLE = Automatic;
				DEVELOPMENT_TEAM = VMZ2F8UQBH;
				INFOPLIST_FILE = Test/Info.plist;
				LD_RUNPATH_SEARCH_PATHS = "$(inherited) @executable_path/Frameworks";
				PRODUCT_BUNDLE_IDENTIFIER = com.tyh123.Test;
				PRODUCT_NAME = "$(TARGET_NAME)";
				TARGETED_DEVICE_FAMILY = "1,2";
			};
			name = Release;
		};
/* End XCBuildConfiguration section */

/* Begin XCConfigurationList section */
		BB7D7A951F8CB45B00A062D0 /* Build configuration list for PBXProject "Test" */ = {
			isa = XCConfigurationList;
			buildConfigurations = (
				BB7D7AAE1F8CB45C00A062D0 /* Debug */,
				BB7D7AAF1F8CB45C00A062D0 /* Release */,
			);
			defaultConfigurationIsVisible = 0;
			defaultConfigurationName = Release;
		};
		BB7D7AB01F8CB45C00A062D0 /* Build configuration list for PBXNativeTarget "Test" */ = {
			isa = XCConfigurationList;
			buildConfigurations = (
				BB7D7AB11F8CB45C00A062D0 /* Debug */,
				BB7D7AB21F8CB45C00A062D0 /* Release */,
			);
			defaultConfigurationIsVisible = 0;
			defaultConfigurationName = Release;
		};
/* End XCConfigurationList section */
	};
	rootObject = BB7D7A921F8CB45B00A062D0 /* Project object */;
}
